
Microsoft Visual Studio Solution File, Format Version 12.00
# Visual Studio Version 16
VisualStudioVersion = 16.0.29519.87
MinimumVisualStudioVersion = 10.0.40219.1
Project("{FAE04EC0-301F-11D3-BF4B-00C04F79EFBC}") = "WorkingWithVisualStudio", "WorkingWithVisualStudio\WorkingWithVisualStudio.csproj", "{054CC948-FA64-4736-BFE1-6B1159C2BEC1}"
EndProject
Project("{FAE04EC0-301F-11D3-BF4B-00C04F79EFBC}") = "WorkingWithVisualStudio.Tests", "WorkingWithVisualStudio.Tests\WorkingWithVisualStudio.Tests.csproj", "{771E8134-9DC0-402D-9CED-F8439B3D2559}"
EndProject
Global
	GlobalSection(SolutionConfigurationPlatforms) = preSolution
		Debug|Any CPU = Debug|Any CPU
		Release|Any CPU = Release|Any CPU
	EndGlobalSection
	GlobalSection(ProjectConfigurationPlatforms) = postSolution
		{054CC948-FA64-4736-BFE1-6B1159C2BEC1}.Debug|Any CPU.ActiveCfg = Debug|Any CPU
		{054CC948-FA64-4736-BFE1-6B1159C2BEC1}.Debug|Any CPU.Build.0 = Debug|Any CPU
		{054CC948-FA64-4736-BFE1-6B1159C2BEC1}.Release|Any CPU.ActiveCfg = Release|Any CPU
		{054CC948-FA64-4736-BFE1-6B1159C2BEC1}.Release|Any CPU.Build.0 = Release|Any CPU
		{771E8134-9DC0-402D-9CED-F8439B3D2559}.Debug|Any CPU.ActiveCfg = Debug|Any CPU
		{771E8134-9DC0-402D-9CED-F8439B3D2559}.Debug|Any CPU.Build.0 = Debug|Any CPU
		{771E8134-9DC0-402D-9CED-F8439B3D2559}.Release|Any CPU.ActiveCfg = Release|Any CPU
		{771E8134-9DC0-402D-9CED-F8439B3D2559}.Release|Any CPU.Build.0 = Release|Any CPU
	EndGlobalSection
	GlobalSection(SolutionProperties) = preSolution
		HideSolutionNode = FALSE
	EndGlobalSection
	GlobalSection(ExtensibilityGlobals) = postSolution
		SolutionGuid = {074854F9-6D01-4B50-A774-9BF362C3890F}
	EndGlobalSection
EndGlobal
